// !$*UTF8*$!
{
	archiveVersion = 1;
	classes = {
	};
	objectVersion = 46;
	objects = {

/* Begin PBXBuildFile section */
		811999261ACF9C8200809293 /* AppDelegate.swift in Sources */ = {isa = PBXBuildFile; fileRef = 811999251ACF9C8200809293 /* AppDelegate.swift */; };
		811999281ACF9C8200809293 /* ViewController.swift in Sources */ = {isa = PBXBuildFile; fileRef = 811999271ACF9C8200809293 /* ViewController.swift */; };
		8119992B1ACF9C8200809293 /* Main.storyboard in Resources */ = {isa = PBXBuildFile; fileRef = 811999291ACF9C8200809293 /* Main.storyboard */; };
		8119992D1ACF9C8200809293 /* Images.xcassets in Resources */ = {isa = PBXBuildFile; fileRef = 8119992C1ACF9C8200809293 /* Images.xcassets */; };
		811999301ACF9C8200809293 /* LaunchScreen.xib in Resources */ = {isa = PBXBuildFile; fileRef = 8119992E1ACF9C8200809293 /* LaunchScreen.xib */; };
		817CC4221ADC362A00EAA5D5 /* TableViewController.swift in Sources */ = {isa = PBXBuildFile; fileRef = 817CC4211ADC362A00EAA5D5 /* TableViewController.swift */; };
		81D544141BB91F60003F826C /* MarkdownTextViewKit.h in Headers */ = {isa = PBXBuildFile; fileRef = 81D544131BB91F60003F826C /* MarkdownTextViewKit.h */; settings = {ATTRIBUTES = (Public, ); }; };
		81D5441B1BB91F60003F826C /* MarkdownTextViewKit.framework in Frameworks */ = {isa = PBXBuildFile; fileRef = 81D544111BB91F60003F826C /* MarkdownTextViewKit.framework */; };
		81D544221BB91F60003F826C /* MarkdownTextViewKitTests.swift in Sources */ = {isa = PBXBuildFile; fileRef = 81D544211BB91F60003F826C /* MarkdownTextViewKitTests.swift */; };
		81D544261BB91F60003F826C /* MarkdownTextViewKit.framework in Frameworks */ = {isa = PBXBuildFile; fileRef = 81D544111BB91F60003F826C /* MarkdownTextViewKit.framework */; };
		81D544271BB91F60003F826C /* MarkdownTextViewKit.framework in Embed Frameworks */ = {isa = PBXBuildFile; fileRef = 81D544111BB91F60003F826C /* MarkdownTextViewKit.framework */; settings = {ATTRIBUTES = (CodeSignOnCopy, RemoveHeadersOnCopy, ); }; };
		81D5442F1BB91F78003F826C /* MarkdownTextStorage.swift in Sources */ = {isa = PBXBuildFile; fileRef = 811999451ACF9EA600809293 /* MarkdownTextStorage.swift */; };
		81D544301BB92019003F826C /* MarkdownTextViewTests.swift in Sources */ = {isa = PBXBuildFile; fileRef = 8119993B1ACF9C8200809293 /* MarkdownTextViewTests.swift */; };
/* End PBXBuildFile section */

/* Begin PBXContainerItemProxy section */
		811999361ACF9C8200809293 /* PBXContainerItemProxy */ = {
			isa = PBXContainerItemProxy;
			containerPortal = 811999181ACF9C8200809293 /* Project object */;
			proxyType = 1;
			remoteGlobalIDString = 8119991F1ACF9C8200809293;
			remoteInfo = MarkdownTextView;
		};
		81D5441C1BB91F60003F826C /* PBXContainerItemProxy */ = {
			isa = PBXContainerItemProxy;
			containerPortal = 811999181ACF9C8200809293 /* Project object */;
			proxyType = 1;
			remoteGlobalIDString = 81D544101BB91F60003F826C;
			remoteInfo = MarkdownTextViewKit;
		};
		81D5441E1BB91F60003F826C /* PBXContainerItemProxy */ = {
			isa = PBXContainerItemProxy;
			containerPortal = 811999181ACF9C8200809293 /* Project object */;
			proxyType = 1;
			remoteGlobalIDString = 8119991F1ACF9C8200809293;
			remoteInfo = MarkdownTextView;
		};
		81D544241BB91F60003F826C /* PBXContainerItemProxy */ = {
			isa = PBXContainerItemProxy;
			containerPortal = 811999181ACF9C8200809293 /* Project object */;
			proxyType = 1;
			remoteGlobalIDString = 81D544101BB91F60003F826C;
			remoteInfo = MarkdownTextViewKit;
		};
/* End PBXContainerItemProxy section */

/* Begin PBXCopyFilesBuildPhase section */
		81D5442D1BB91F60003F826C /* Embed Frameworks */ = {
			isa = PBXCopyFilesBuildPhase;
			buildActionMask = 2147483647;
			dstPath = "";
			dstSubfolderSpec = 10;
			files = (
				81D544271BB91F60003F826C /* MarkdownTextViewKit.framework in Embed Frameworks */,
			);
			name = "Embed Frameworks";
			runOnlyForDeploymentPostprocessing = 0;
		};
/* End PBXCopyFilesBuildPhase section */

/* Begin PBXFileReference section */
		811999201ACF9C8200809293 /* MarkdownTextView.app */ = {isa = PBXFileReference; explicitFileType = wrapper.application; includeInIndex = 0; path = MarkdownTextView.app; sourceTree = BUILT_PRODUCTS_DIR; };
		811999241ACF9C8200809293 /* Info.plist */ = {isa = PBXFileReference; lastKnownFileType = text.plist.xml; path = Info.plist; sourceTree = "<group>"; };
		811999251ACF9C8200809293 /* AppDelegate.swift */ = {isa = PBXFileReference; lastKnownFileType = sourcecode.swift; path = AppDelegate.swift; sourceTree = "<group>"; };
		811999271ACF9C8200809293 /* ViewController.swift */ = {isa = PBXFileReference; lastKnownFileType = sourcecode.swift; path = ViewController.swift; sourceTree = "<group>"; };
		8119992A1ACF9C8200809293 /* Base */ = {isa = PBXFileReference; lastKnownFileType = file.storyboard; name = Base; path = Base.lproj/Main.storyboard; sourceTree = "<group>"; };
		8119992C1ACF9C8200809293 /* Images.xcassets */ = {isa = PBXFileReference; lastKnownFileType = folder.assetcatalog; path = Images.xcassets; sourceTree = "<group>"; };
		8119992F1ACF9C8200809293 /* Base */ = {isa = PBXFileReference; lastKnownFileType = file.xib; name = Base; path = Base.lproj/LaunchScreen.xib; sourceTree = "<group>"; };
		811999351ACF9C8200809293 /* MarkdownTextViewTests.xctest */ = {isa = PBXFileReference; explicitFileType = wrapper.cfbundle; includeInIndex = 0; path = MarkdownTextViewTests.xctest; sourceTree = BUILT_PRODUCTS_DIR; };
		8119993A1ACF9C8200809293 /* Info.plist */ = {isa = PBXFileReference; lastKnownFileType = text.plist.xml; path = Info.plist; sourceTree = "<group>"; };
		8119993B1ACF9C8200809293 /* MarkdownTextViewTests.swift */ = {isa = PBXFileReference; lastKnownFileType = sourcecode.swift; name = MarkdownTextViewTests.swift; path = ../MarkdownTextViewTests/MarkdownTextViewTests.swift; sourceTree = "<group>"; };
		811999451ACF9EA600809293 /* MarkdownTextStorage.swift */ = {isa = PBXFileReference; fileEncoding = 4; lastKnownFileType = sourcecode.swift; name = MarkdownTextStorage.swift; path = ../MarkdownTextView/MarkdownTextStorage.swift; sourceTree = "<group>"; };
		817CC4211ADC362A00EAA5D5 /* TableViewController.swift */ = {isa = PBXFileReference; fileEncoding = 4; lastKnownFileType = sourcecode.swift; path = TableViewController.swift; sourceTree = "<group>"; };
		81D544111BB91F60003F826C /* MarkdownTextViewKit.framework */ = {isa = PBXFileReference; explicitFileType = wrapper.framework; includeInIndex = 0; path = MarkdownTextViewKit.framework; sourceTree = BUILT_PRODUCTS_DIR; };
		81D544131BB91F60003F826C /* MarkdownTextViewKit.h */ = {isa = PBXFileReference; lastKnownFileType = sourcecode.c.h; path = MarkdownTextViewKit.h; sourceTree = "<group>"; };
		81D544151BB91F60003F826C /* Info.plist */ = {isa = PBXFileReference; lastKnownFileType = text.plist.xml; path = Info.plist; sourceTree = "<group>"; };
		81D5441A1BB91F60003F826C /* MarkdownTextViewKitTests.xctest */ = {isa = PBXFileReference; explicitFileType = wrapper.cfbundle; includeInIndex = 0; path = MarkdownTextViewKitTests.xctest; sourceTree = BUILT_PRODUCTS_DIR; };
		81D544211BB91F60003F826C /* MarkdownTextViewKitTests.swift */ = {isa = PBXFileReference; lastKnownFileType = sourcecode.swift; path = MarkdownTextViewKitTests.swift; sourceTree = "<group>"; };
		81D544231BB91F60003F826C /* Info.plist */ = {isa = PBXFileReference; lastKnownFileType = text.plist.xml; path = Info.plist; sourceTree = "<group>"; };
/* End PBXFileReference section */

/* Begin PBXFrameworksBuildPhase section */
		8119991D1ACF9C8200809293 /* Frameworks */ = {
			isa = PBXFrameworksBuildPhase;
			buildActionMask = 2147483647;
			files = (
				81D544261BB91F60003F826C /* MarkdownTextViewKit.framework in Frameworks */,
			);
			runOnlyForDeploymentPostprocessing = 0;
		};
		811999321ACF9C8200809293 /* Frameworks */ = {
			isa = PBXFrameworksBuildPhase;
			buildActionMask = 2147483647;
			files = (
			);
			runOnlyForDeploymentPostprocessing = 0;
		};
		81D5440D1BB91F60003F826C /* Frameworks */ = {
			isa = PBXFrameworksBuildPhase;
			buildActionMask = 2147483647;
			files = (
			);
			runOnlyForDeploymentPostprocessing = 0;
		};
		81D544171BB91F60003F826C /* Frameworks */ = {
			isa = PBXFrameworksBuildPhase;
			buildActionMask = 2147483647;
			files = (
				81D5441B1BB91F60003F826C /* MarkdownTextViewKit.framework in Frameworks */,
			);
			runOnlyForDeploymentPostprocessing = 0;
		};
/* End PBXFrameworksBuildPhase section */

/* Begin PBXGroup section */
		811999171ACF9C8200809293 = {
			isa = PBXGroup;
			children = (
				811999221ACF9C8200809293 /* MarkdownTextView */,
				811999381ACF9C8200809293 /* MarkdownTextViewTests */,
				81D544121BB91F60003F826C /* MarkdownTextViewKit */,
				81D544201BB91F60003F826C /* MarkdownTextViewKitTests */,
				811999211ACF9C8200809293 /* Products */,
			);
			sourceTree = "<group>";
		};
		811999211ACF9C8200809293 /* Products */ = {
			isa = PBXGroup;
			children = (
				811999201ACF9C8200809293 /* MarkdownTextView.app */,
				811999351ACF9C8200809293 /* MarkdownTextViewTests.xctest */,
				81D544111BB91F60003F826C /* MarkdownTextViewKit.framework */,
				81D5441A1BB91F60003F826C /* MarkdownTextViewKitTests.xctest */,
			);
			name = Products;
			sourceTree = "<group>";
		};
		811999221ACF9C8200809293 /* MarkdownTextView */ = {
			isa = PBXGroup;
			children = (
				811999271ACF9C8200809293 /* ViewController.swift */,
				817CC4211ADC362A00EAA5D5 /* TableViewController.swift */,
				811999291ACF9C8200809293 /* Main.storyboard */,
				811999231ACF9C8200809293 /* Supporting Files */,
			);
			path = MarkdownTextView;
			sourceTree = "<group>";
		};
		811999231ACF9C8200809293 /* Supporting Files */ = {
			isa = PBXGroup;
			children = (
				811999251ACF9C8200809293 /* AppDelegate.swift */,
				8119992C1ACF9C8200809293 /* Images.xcassets */,
				8119992E1ACF9C8200809293 /* LaunchScreen.xib */,
				811999241ACF9C8200809293 /* Info.plist */,
			);
			name = "Supporting Files";
			sourceTree = "<group>";
		};
		811999381ACF9C8200809293 /* MarkdownTextViewTests */ = {
			isa = PBXGroup;
			children = (
				811999391ACF9C8200809293 /* Supporting Files */,
			);
			path = MarkdownTextViewTests;
			sourceTree = "<group>";
		};
		811999391ACF9C8200809293 /* Supporting Files */ = {
			isa = PBXGroup;
			children = (
				8119993A1ACF9C8200809293 /* Info.plist */,
			);
			name = "Supporting Files";
			sourceTree = "<group>";
		};
		81D544121BB91F60003F826C /* MarkdownTextViewKit */ = {
			isa = PBXGroup;
			children = (
				811999451ACF9EA600809293 /* MarkdownTextStorage.swift */,
				81D544131BB91F60003F826C /* MarkdownTextViewKit.h */,
				81D544151BB91F60003F826C /* Info.plist */,
			);
			path = MarkdownTextViewKit;
			sourceTree = "<group>";
		};
		81D544201BB91F60003F826C /* MarkdownTextViewKitTests */ = {
			isa = PBXGroup;
			children = (
				81D544211BB91F60003F826C /* MarkdownTextViewKitTests.swift */,
				8119993B1ACF9C8200809293 /* MarkdownTextViewTests.swift */,
				81D544231BB91F60003F826C /* Info.plist */,
			);
			path = MarkdownTextViewKitTests;
			sourceTree = "<group>";
		};
/* End PBXGroup section */

/* Begin PBXHeadersBuildPhase section */
		81D5440E1BB91F60003F826C /* Headers */ = {
			isa = PBXHeadersBuildPhase;
			buildActionMask = 2147483647;
			files = (
				81D544141BB91F60003F826C /* MarkdownTextViewKit.h in Headers */,
			);
			runOnlyForDeploymentPostprocessing = 0;
		};
/* End PBXHeadersBuildPhase section */

/* Begin PBXNativeTarget section */
		8119991F1ACF9C8200809293 /* MarkdownTextView */ = {
			isa = PBXNativeTarget;
			buildConfigurationList = 8119993F1ACF9C8200809293 /* Build configuration list for PBXNativeTarget "MarkdownTextView" */;
			buildPhases = (
				8119991C1ACF9C8200809293 /* Sources */,
				8119991D1ACF9C8200809293 /* Frameworks */,
				8119991E1ACF9C8200809293 /* Resources */,
				81D5442D1BB91F60003F826C /* Embed Frameworks */,
			);
			buildRules = (
			);
			dependencies = (
				81D544251BB91F60003F826C /* PBXTargetDependency */,
			);
			name = MarkdownTextView;
			productName = MarkdownTextView;
			productReference = 811999201ACF9C8200809293 /* MarkdownTextView.app */;
			productType = "com.apple.product-type.application";
		};
		811999341ACF9C8200809293 /* MarkdownTextViewTests */ = {
			isa = PBXNativeTarget;
			buildConfigurationList = 811999421ACF9C8200809293 /* Build configuration list for PBXNativeTarget "MarkdownTextViewTests" */;
			buildPhases = (
				811999311ACF9C8200809293 /* Sources */,
				811999321ACF9C8200809293 /* Frameworks */,
				811999331ACF9C8200809293 /* Resources */,
			);
			buildRules = (
			);
			dependencies = (
				811999371ACF9C8200809293 /* PBXTargetDependency */,
			);
			name = MarkdownTextViewTests;
			productName = MarkdownTextViewTests;
			productReference = 811999351ACF9C8200809293 /* MarkdownTextViewTests.xctest */;
			productType = "com.apple.product-type.bundle.unit-test";
		};
		81D544101BB91F60003F826C /* MarkdownTextViewKit */ = {
			isa = PBXNativeTarget;
			buildConfigurationList = 81D5442C1BB91F60003F826C /* Build configuration list for PBXNativeTarget "MarkdownTextViewKit" */;
			buildPhases = (
				81D5440C1BB91F60003F826C /* Sources */,
				81D5440D1BB91F60003F826C /* Frameworks */,
				81D5440E1BB91F60003F826C /* Headers */,
				81D5440F1BB91F60003F826C /* Resources */,
			);
			buildRules = (
			);
			dependencies = (
			);
			name = MarkdownTextViewKit;
			productName = MarkdownTextViewKit;
			productReference = 81D544111BB91F60003F826C /* MarkdownTextViewKit.framework */;
			productType = "com.apple.product-type.framework";
		};
		81D544191BB91F60003F826C /* MarkdownTextViewKitTests */ = {
			isa = PBXNativeTarget;
			buildConfigurationList = 81D5442E1BB91F60003F826C /* Build configuration list for PBXNativeTarget "MarkdownTextViewKitTests" */;
			buildPhases = (
				81D544161BB91F60003F826C /* Sources */,
				81D544171BB91F60003F826C /* Frameworks */,
				81D544181BB91F60003F826C /* Resources */,
			);
			buildRules = (
			);
			dependencies = (
				81D5441D1BB91F60003F826C /* PBXTargetDependency */,
				81D5441F1BB91F60003F826C /* PBXTargetDependency */,
			);
			name = MarkdownTextViewKitTests;
			productName = MarkdownTextViewKitTests;
			productReference = 81D5441A1BB91F60003F826C /* MarkdownTextViewKitTests.xctest */;
			productType = "com.apple.product-type.bundle.unit-test";
		};
/* End PBXNativeTarget section */

/* Begin PBXProject section */
		811999181ACF9C8200809293 /* Project object */ = {
			isa = PBXProject;
			attributes = {
				LastSwiftMigration = 0700;
				LastSwiftUpdateCheck = 0700;
				LastUpgradeCheck = 0800;
				ORGANIZATIONNAME = "Jesper Christensen";
				TargetAttributes = {
					8119991F1ACF9C8200809293 = {
						CreatedOnToolsVersion = 6.2;
						DevelopmentTeam = 948EVF7J4M;
						LastSwiftMigration = 0800;
					};
					811999341ACF9C8200809293 = {
						CreatedOnToolsVersion = 6.2;
						DevelopmentTeam = 948EVF7J4M;
						LastSwiftMigration = 0800;
						TestTargetID = 8119991F1ACF9C8200809293;
					};
					81D544101BB91F60003F826C = {
						CreatedOnToolsVersion = 7.0;
						LastSwiftMigration = 0800;
						ProvisioningStyle = Automatic;
					};
					81D544191BB91F60003F826C = {
						CreatedOnToolsVersion = 7.0;
						DevelopmentTeam = 948EVF7J4M;
						LastSwiftMigration = 0800;
						TestTargetID = 8119991F1ACF9C8200809293;
					};
				};
			};
			buildConfigurationList = 8119991B1ACF9C8200809293 /* Build configuration list for PBXProject "MarkdownTextView" */;
			compatibilityVersion = "Xcode 3.2";
			developmentRegion = English;
			hasScannedForEncodings = 0;
			knownRegions = (
				en,
				Base,
			);
			mainGroup = 811999171ACF9C8200809293;
			productRefGroup = 811999211ACF9C8200809293 /* Products */;
			projectDirPath = "";
			projectRoot = "";
			targets = (
				8119991F1ACF9C8200809293 /* MarkdownTextView */,
				811999341ACF9C8200809293 /* MarkdownTextViewTests */,
				81D544101BB91F60003F826C /* MarkdownTextViewKit */,
				81D544191BB91F60003F826C /* MarkdownTextViewKitTests */,
			);
		};
/* End PBXProject section */

/* Begin PBXResourcesBuildPhase section */
		8119991E1ACF9C8200809293 /* Resources */ = {
			isa = PBXResourcesBuildPhase;
			buildActionMask = 2147483647;
			files = (
				8119992B1ACF9C8200809293 /* Main.storyboard in Resources */,
				811999301ACF9C8200809293 /* LaunchScreen.xib in Resources */,
				8119992D1ACF9C8200809293 /* Images.xcassets in Resources */,
			);
			runOnlyForDeploymentPostprocessing = 0;
		};
		811999331ACF9C8200809293 /* Resources */ = {
			isa = PBXResourcesBuildPhase;
			buildActionMask = 2147483647;
			files = (
			);
			runOnlyForDeploymentPostprocessing = 0;
		};
		81D5440F1BB91F60003F826C /* Resources */ = {
			isa = PBXResourcesBuildPhase;
			buildActionMask = 2147483647;
			files = (
			);
			runOnlyForDeploymentPostprocessing = 0;
		};
		81D544181BB91F60003F826C /* Resources */ = {
			isa = PBXResourcesBuildPhase;
			buildActionMask = 2147483647;
			files = (
			);
			runOnlyForDeploymentPostprocessing = 0;
		};
/* End PBXResourcesBuildPhase section */

/* Begin PBXSourcesBuildPhase section */
		8119991C1ACF9C8200809293 /* Sources */ = {
			isa = PBXSourcesBuildPhase;
			buildActionMask = 2147483647;
			files = (
				811999281ACF9C8200809293 /* ViewController.swift in Sources */,
				811999261ACF9C8200809293 /* AppDelegate.swift in Sources */,
				817CC4221ADC362A00EAA5D5 /* TableViewController.swift in Sources */,
			);
			runOnlyForDeploymentPostprocessing = 0;
		};
		811999311ACF9C8200809293 /* Sources */ = {
			isa = PBXSourcesBuildPhase;
			buildActionMask = 2147483647;
			files = (
			);
			runOnlyForDeploymentPostprocessing = 0;
		};
		81D5440C1BB91F60003F826C /* Sources */ = {
			isa = PBXSourcesBuildPhase;
			buildActionMask = 2147483647;
			files = (
				81D5442F1BB91F78003F826C /* MarkdownTextStorage.swift in Sources */,
			);
			runOnlyForDeploymentPostprocessing = 0;
		};
		81D544161BB91F60003F826C /* Sources */ = {
			isa = PBXSourcesBuildPhase;
			buildActionMask = 2147483647;
			files = (
				81D544301BB92019003F826C /* MarkdownTextViewTests.swift in Sources */,
				81D544221BB91F60003F826C /* MarkdownTextViewKitTests.swift in Sources */,
			);
			runOnlyForDeploymentPostprocessing = 0;
		};
/* End PBXSourcesBuildPhase section */

/* Begin PBXTargetDependency section */
		811999371ACF9C8200809293 /* PBXTargetDependency */ = {
			isa = PBXTargetDependency;
			target = 8119991F1ACF9C8200809293 /* MarkdownTextView */;
			targetProxy = 811999361ACF9C8200809293 /* PBXContainerItemProxy */;
		};
		81D5441D1BB91F60003F826C /* PBXTargetDependency */ = {
			isa = PBXTargetDependency;
			target = 81D544101BB91F60003F826C /* MarkdownTextViewKit */;
			targetProxy = 81D5441C1BB91F60003F826C /* PBXContainerItemProxy */;
		};
		81D5441F1BB91F60003F826C /* PBXTargetDependency */ = {
			isa = PBXTargetDependency;
			target = 8119991F1ACF9C8200809293 /* MarkdownTextView */;
			targetProxy = 81D5441E1BB91F60003F826C /* PBXContainerItemProxy */;
		};
		81D544251BB91F60003F826C /* PBXTargetDependency */ = {
			isa = PBXTargetDependency;
			target = 81D544101BB91F60003F826C /* MarkdownTextViewKit */;
			targetProxy = 81D544241BB91F60003F826C /* PBXContainerItemProxy */;
		};
/* End PBXTargetDependency section */

/* Begin PBXVariantGroup section */
		811999291ACF9C8200809293 /* Main.storyboard */ = {
			isa = PBXVariantGroup;
			children = (
				8119992A1ACF9C8200809293 /* Base */,
			);
			name = Main.storyboard;
			sourceTree = "<group>";
		};
		8119992E1ACF9C8200809293 /* LaunchScreen.xib */ = {
			isa = PBXVariantGroup;
			children = (
				8119992F1ACF9C8200809293 /* Base */,
			);
			name = LaunchScreen.xib;
			sourceTree = "<group>";
		};
/* End PBXVariantGroup section */

/* Begin XCBuildConfiguration section */
		8119993D1ACF9C8200809293 /* Debug */ = {
			isa = XCBuildConfiguration;
			buildSettings = {
				ALWAYS_SEARCH_USER_PATHS = NO;
				CLANG_CXX_LANGUAGE_STANDARD = "gnu++0x";
				CLANG_CXX_LIBRARY = "libc++";
				CLANG_ENABLE_MODULES = YES;
				CLANG_ENABLE_OBJC_ARC = YES;
				CLANG_WARN_BOOL_CONVERSION = YES;
				CLANG_WARN_CONSTANT_CONVERSION = YES;
				CLANG_WARN_DIRECT_OBJC_ISA_USAGE = YES_ERROR;
				CLANG_WARN_EMPTY_BODY = YES;
				CLANG_WARN_ENUM_CONVERSION = YES;
				CLANG_WARN_INFINITE_RECURSION = YES;
				CLANG_WARN_INT_CONVERSION = YES;
				CLANG_WARN_OBJC_ROOT_CLASS = YES_ERROR;
				CLANG_WARN_SUSPICIOUS_MOVE = YES;
				CLANG_WARN_UNREACHABLE_CODE = YES;
				CLANG_WARN__DUPLICATE_METHOD_MATCH = YES;
				"CODE_SIGN_IDENTITY[sdk=iphoneos*]" = "iPhone Developer";
				COPY_PHASE_STRIP = NO;
				ENABLE_STRICT_OBJC_MSGSEND = YES;
				ENABLE_TESTABILITY = YES;
				GCC_C_LANGUAGE_STANDARD = gnu99;
				GCC_DYNAMIC_NO_PIC = NO;
				GCC_NO_COMMON_BLOCKS = YES;
				GCC_OPTIMIZATION_LEVEL = 0;
				GCC_PREPROCESSOR_DEFINITIONS = (
					"DEBUG=1",
					"$(inherited)",
				);
				GCC_SYMBOLS_PRIVATE_EXTERN = NO;
				GCC_WARN_64_TO_32_BIT_CONVERSION = YES;
				GCC_WARN_ABOUT_RETURN_TYPE = YES_ERROR;
				GCC_WARN_UNDECLARED_SELECTOR = YES;
				GCC_WARN_UNINITIALIZED_AUTOS = YES_AGGRESSIVE;
				GCC_WARN_UNUSED_FUNCTION = YES;
				GCC_WARN_UNUSED_VARIABLE = YES;
				IPHONEOS_DEPLOYMENT_TARGET = 8.2;
				MTL_ENABLE_DEBUG_INFO = YES;
				ONLY_ACTIVE_ARCH = YES;
				SDKROOT = iphoneos;
				SWIFT_OPTIMIZATION_LEVEL = "-Onone";
				TARGETED_DEVICE_FAMILY = "1,2";
			};
			name = Debug;
		};
		8119993E1ACF9C8200809293 /* Release */ = {
			isa = XCBuildConfiguration;
			buildSettings = {
				ALWAYS_SEARCH_USER_PATHS = NO;
				CLANG_CXX_LANGUAGE_STANDARD = "gnu++0x";
				CLANG_CXX_LIBRARY = "libc++";
				CLANG_ENABLE_MODULES = YES;
				CLANG_ENABLE_OBJC_ARC = YES;
				CLANG_WARN_BOOL_CONVERSION = YES;
				CLANG_WARN_CONSTANT_CONVERSION = YES;
				CLANG_WARN_DIRECT_OBJC_ISA_USAGE = YES_ERROR;
				CLANG_WARN_EMPTY_BODY = YES;
				CLANG_WARN_ENUM_CONVERSION = YES;
				CLANG_WARN_INFINITE_RECURSION = YES;
				CLANG_WARN_INT_CONVERSION = YES;
				CLANG_WARN_OBJC_ROOT_CLASS = YES_ERROR;
				CLANG_WARN_SUSPICIOUS_MOVE = YES;
				CLANG_WARN_UNREACHABLE_CODE = YES;
				CLANG_WARN__DUPLICATE_METHOD_MATCH = YES;
				"CODE_SIGN_IDENTITY[sdk=iphoneos*]" = "iPhone Developer";
				COPY_PHASE_STRIP = NO;
				ENABLE_NS_ASSERTIONS = NO;
				ENABLE_STRICT_OBJC_MSGSEND = YES;
				GCC_C_LANGUAGE_STANDARD = gnu99;
				GCC_NO_COMMON_BLOCKS = YES;
				GCC_WARN_64_TO_32_BIT_CONVERSION = YES;
				GCC_WARN_ABOUT_RETURN_TYPE = YES_ERROR;
				GCC_WARN_UNDECLARED_SELECTOR = YES;
				GCC_WARN_UNINITIALIZED_AUTOS = YES_AGGRESSIVE;
				GCC_WARN_UNUSED_FUNCTION = YES;
				GCC_WARN_UNUSED_VARIABLE = YES;
				IPHONEOS_DEPLOYMENT_TARGET = 8.2;
				MTL_ENABLE_DEBUG_INFO = NO;
				SDKROOT = iphoneos;
				SWIFT_OPTIMIZATION_LEVEL = "-Owholemodule";
				TARGETED_DEVICE_FAMILY = "1,2";
				VALIDATE_PRODUCT = YES;
			};
			name = Release;
		};
		811999401ACF9C8200809293 /* Debug */ = {
			isa = XCBuildConfiguration;
			buildSettings = {
				ALWAYS_EMBED_SWIFT_STANDARD_LIBRARIES = YES;
				ASSETCATALOG_COMPILER_APPICON_NAME = AppIcon;
				DEVELOPMENT_TEAM = 948EVF7J4M;
				INFOPLIST_FILE = MarkdownTextView/Info.plist;
				LD_RUNPATH_SEARCH_PATHS = "$(inherited) @executable_path/Frameworks";
				PRODUCT_BUNDLE_IDENTIFIER = "org.kalliope.$(PRODUCT_NAME:rfc1034identifier)";
				PRODUCT_NAME = "$(TARGET_NAME)";
				SWIFT_VERSION = 3.0;
			};
			name = Debug;
		};
		811999411ACF9C8200809293 /* Release */ = {
			isa = XCBuildConfiguration;
			buildSettings = {
				ALWAYS_EMBED_SWIFT_STANDARD_LIBRARIES = YES;
				ASSETCATALOG_COMPILER_APPICON_NAME = AppIcon;
				DEVELOPMENT_TEAM = 948EVF7J4M;
				INFOPLIST_FILE = MarkdownTextView/Info.plist;
				LD_RUNPATH_SEARCH_PATHS = "$(inherited) @executable_path/Frameworks";
				PRODUCT_BUNDLE_IDENTIFIER = "org.kalliope.$(PRODUCT_NAME:rfc1034identifier)";
				PRODUCT_NAME = "$(TARGET_NAME)";
				SWIFT_VERSION = 3.0;
			};
			name = Release;
		};
		811999431ACF9C8200809293 /* Debug */ = {
			isa = XCBuildConfiguration;
			buildSettings = {
				BUNDLE_LOADER = "$(TEST_HOST)";
				DEVELOPMENT_TEAM = 948EVF7J4M;
				FRAMEWORK_SEARCH_PATHS = "$(inherited)";
				GCC_PREPROCESSOR_DEFINITIONS = (
					"DEBUG=1",
					"$(inherited)",
				);
				INFOPLIST_FILE = MarkdownTextViewTests/Info.plist;
				LD_RUNPATH_SEARCH_PATHS = "$(inherited) @executable_path/Frameworks @loader_path/Frameworks";
				PRODUCT_BUNDLE_IDENTIFIER = "org.kalliope.$(PRODUCT_NAME:rfc1034identifier)";
				PRODUCT_NAME = "$(TARGET_NAME)";
				SWIFT_VERSION = 3.0;
				TEST_HOST = "$(BUILT_PRODUCTS_DIR)/MarkdownTextView.app/MarkdownTextView";
			};
			name = Debug;
		};
		811999441ACF9C8200809293 /* Release */ = {
			isa = XCBuildConfiguration;
			buildSettings = {
				BUNDLE_LOADER = "$(TEST_HOST)";
				DEVELOPMENT_TEAM = 948EVF7J4M;
				FRAMEWORK_SEARCH_PATHS = "$(inherited)";
				INFOPLIST_FILE = MarkdownTextViewTests/Info.plist;
				LD_RUNPATH_SEARCH_PATHS = "$(inherited) @executable_path/Frameworks @loader_path/Frameworks";
				PRODUCT_BUNDLE_IDENTIFIER = "org.kalliope.$(PRODUCT_NAME:rfc1034identifier)";
				PRODUCT_NAME = "$(TARGET_NAME)";
				SWIFT_VERSION = 3.0;
				TEST_HOST = "$(BUILT_PRODUCTS_DIR)/MarkdownTextView.app/MarkdownTextView";
			};
			name = Release;
		};
		81D544281BB91F60003F826C /* Debug */ = {
			isa = XCBuildConfiguration;
			buildSettings = {
				APPLICATION_EXTENSION_API_ONLY = YES;
				"CODE_SIGN_IDENTITY[sdk=iphoneos*]" = "iPhone Developer";
				CURRENT_PROJECT_VERSION = 1;
				DEBUG_INFORMATION_FORMAT = dwarf;
				DEFINES_MODULE = YES;
				DEVELOPMENT_TEAM = "";
				DYLIB_COMPATIBILITY_VERSION = 1;
				DYLIB_CURRENT_VERSION = 1;
				DYLIB_INSTALL_NAME_BASE = "@rpath";
				GCC_NO_COMMON_BLOCKS = YES;
				INFOPLIST_FILE = MarkdownTextViewKit/Info.plist;
				INSTALL_PATH = "$(LOCAL_LIBRARY_DIR)/Frameworks";
				IPHONEOS_DEPLOYMENT_TARGET = 8.2;
				LD_RUNPATH_SEARCH_PATHS = "$(inherited) @executable_path/Frameworks @loader_path/Frameworks";
				PRODUCT_BUNDLE_IDENTIFIER = org.kalliope.MarkdownTextViewKit;
				PRODUCT_NAME = "$(TARGET_NAME)";
				SKIP_INSTALL = YES;
				SWIFT_VERSION = 3.0;
				VERSIONING_SYSTEM = "apple-generic";
				VERSION_INFO_PREFIX = "";
			};
			name = Debug;
		};
		81D544291BB91F60003F826C /* Release */ = {
			isa = XCBuildConfiguration;
			buildSettings = {
				APPLICATION_EXTENSION_API_ONLY = YES;
				"CODE_SIGN_IDENTITY[sdk=iphoneos*]" = "iPhone Developer";
				CURRENT_PROJECT_VERSION = 1;
				DEBUG_INFORMATION_FORMAT = "dwarf-with-dsym";
				DEFINES_MODULE = YES;
				DEVELOPMENT_TEAM = "";
				DYLIB_COMPATIBILITY_VERSION = 1;
				DYLIB_CURRENT_VERSION = 1;
				DYLIB_INSTALL_NAME_BASE = "@rpath";
				GCC_NO_COMMON_BLOCKS = YES;
				INFOPLIST_FILE = MarkdownTextViewKit/Info.plist;
				INSTALL_PATH = "$(LOCAL_LIBRARY_DIR)/Frameworks";
				IPHONEOS_DEPLOYMENT_TARGET = 8.2;
				LD_RUNPATH_SEARCH_PATHS = "$(inherited) @executable_path/Frameworks @loader_path/Frameworks";
				PRODUCT_BUNDLE_IDENTIFIER = org.kalliope.MarkdownTextViewKit;
				PRODUCT_NAME = "$(TARGET_NAME)";
				SKIP_INSTALL = YES;
				SWIFT_VERSION = 3.0;
				VERSIONING_SYSTEM = "apple-generic";
				VERSION_INFO_PREFIX = "";
			};
			name = Release;
		};
		81D5442A1BB91F60003F826C /* Debug */ = {
			isa = XCBuildConfiguration;
			buildSettings = {
				DEBUG_INFORMATION_FORMAT = dwarf;
				DEVELOPMENT_TEAM = 948EVF7J4M;
				GCC_NO_COMMON_BLOCKS = YES;
				INFOPLIST_FILE = MarkdownTextViewKitTests/Info.plist;
				IPHONEOS_DEPLOYMENT_TARGET = 9.0;
				LD_RUNPATH_SEARCH_PATHS = "$(inherited) @executable_path/Frameworks @loader_path/Frameworks";
				PRODUCT_BUNDLE_IDENTIFIER = org.kalliope.MarkdownTextViewKitTests;
				PRODUCT_NAME = "$(TARGET_NAME)";
				SWIFT_VERSION = 3.0;
				TEST_HOST = "$(BUILT_PRODUCTS_DIR)/MarkdownTextView.app/MarkdownTextView";
			};
			name = Debug;
		};
		81D5442B1BB91F60003F826C /* Release */ = {
			isa = XCBuildConfiguration;
			buildSettings = {
				DEBUG_INFORMATION_FORMAT = "dwarf-with-dsym";
				DEVELOPMENT_TEAM = 948EVF7J4M;
				GCC_NO_COMMON_BLOCKS = YES;
				INFOPLIST_FILE = MarkdownTextViewKitTests/Info.plist;
				IPHONEOS_DEPLOYMENT_TARGET = 9.0;
				LD_RUNPATH_SEARCH_PATHS = "$(inherited) @executable_path/Frameworks @loader_path/Frameworks";
				PRODUCT_BUNDLE_IDENTIFIER = org.kalliope.MarkdownTextViewKitTests;
				PRODUCT_NAME = "$(TARGET_NAME)";
				SWIFT_VERSION = 3.0;
				TEST_HOST = "$(BUILT_PRODUCTS_DIR)/MarkdownTextView.app/MarkdownTextView";
			};
			name = Release;
		};
/* End XCBuildConfiguration section */

/* Begin XCConfigurationList section */
		8119991B1ACF9C8200809293 /* Build configuration list for PBXProject "MarkdownTextView" */ = {
			isa = XCConfigurationList;
			buildConfigurations = (
				8119993D1ACF9C8200809293 /* Debug */,
				8119993E1ACF9C8200809293 /* Release */,
			);
			defaultConfigurationIsVisible = 0;
			defaultConfigurationName = Release;
		};
		8119993F1ACF9C8200809293 /* Build configuration list for PBXNativeTarget "MarkdownTextView" */ = {
			isa = XCConfigurationList;
			buildConfigurations = (
				811999401ACF9C8200809293 /* Debug */,
				811999411ACF9C8200809293 /* Release */,
			);
			defaultConfigurationIsVisible = 0;
			defaultConfigurationName = Release;
		};
		811999421ACF9C8200809293 /* Build configuration list for PBXNativeTarget "MarkdownTextViewTests" */ = {
			isa = XCConfigurationList;
			buildConfigurations = (
				811999431ACF9C8200809293 /* Debug */,
				811999441ACF9C8200809293 /* Release */,
			);
			defaultConfigurationIsVisible = 0;
			defaultConfigurationName = Release;
		};
		81D5442C1BB91F60003F826C /* Build configuration list for PBXNativeTarget "MarkdownTextViewKit" */ = {
			isa = XCConfigurationList;
			buildConfigurations = (
				81D544281BB91F60003F826C /* Debug */,
				81D544291BB91F60003F826C /* Release */,
			);
			defaultConfigurationIsVisible = 0;
			defaultConfigurationName = Release;
		};
		81D5442E1BB91F60003F826C /* Build configuration list for PBXNativeTarget "MarkdownTextViewKitTests" */ = {
			isa = XCConfigurationList;
			buildConfigurations = (
				81D5442A1BB91F60003F826C /* Debug */,
				81D5442B1BB91F60003F826C /* Release */,
			);
			defaultConfigurationIsVisible = 0;
			defaultConfigurationName = Release;
		};
/* End XCConfigurationList section */
	};
	rootObject = 811999181ACF9C8200809293 /* Project object */;
}
